{
  "version": 4,
  "terraform_version": "1.13.1",
  "serial": 16,
  "lineage": "e610d878-b550-c08e-e8f8-1c7d38c2640a",
  "outputs": {
    "public_ip": {
      "value": "3.110.136.240",
      "type": "string"
    }
  },
  "resources": [
    {
      "mode": "managed",
      "type": "aws_instance",
      "name": "abhishek",
      "provider": "provider[\"registry.terraform.io/hashicorp/aws\"]",
      "instances": [
        {
          "schema_version": 2,
          "attributes": {
            "ami": "ami-02d26659fd82cf299",
            "arn": "arn:aws:ec2:ap-south-1:380414078618:instance/i-09000f93e9ca6f410",
            "associate_public_ip_address": true,
            "availability_zone": "ap-south-1b",
            "capacity_reservation_specification": [
              {
                "capacity_reservation_preference": "open",
                "capacity_reservation_target": []
              }
            ],
            "cpu_options": [
              {
                "amd_sev_snp": "",
                "core_count": 1,
                "threads_per_core": 2
              }
            ],
            "credit_specification": [
              {
                "cpu_credits": "unlimited"
              }
            ],
            "disable_api_stop": false,
            "disable_api_termination": false,
            "ebs_block_device": [],
            "ebs_optimized": false,
            "enable_primary_ipv6": null,
            "enclave_options": [
              {
                "enabled": false
              }
            ],
            "ephemeral_block_device": [],
            "force_destroy": false,
            "get_password_data": false,
            "hibernation": false,
            "host_id": "",
            "host_resource_group_arn": null,
            "iam_instance_profile": "",
            "id": "i-09000f93e9ca6f410",
            "instance_initiated_shutdown_behavior": "stop",
            "instance_lifecycle": "",
            "instance_market_options": [],
            "instance_state": "running",
            "instance_type": "t3.micro",
            "ipv6_address_count": 0,
            "ipv6_addresses": [],
            "key_name": "sun",
            "launch_template": [],
            "maintenance_options": [
              {
                "auto_recovery": "default"
              }
            ],
            "metadata_options": [
              {
                "http_endpoint": "enabled",
                "http_protocol_ipv6": "disabled",
                "http_put_response_hop_limit": 2,
                "http_tokens": "required",
                "instance_metadata_tags": "disabled"
              }
            ],
            "monitoring": false,
            "network_interface": [],
            "outpost_arn": "",
            "password_data": "",
            "placement_group": "",
            "placement_partition_number": 0,
            "primary_network_interface": [
              {
                "delete_on_termination": true,
                "network_interface_id": "eni-0e60676f5b4503070"
              }
            ],
            "primary_network_interface_id": "eni-0e60676f5b4503070",
            "private_dns": "ip-172-31-0-201.ap-south-1.compute.internal",
            "private_dns_name_options": [
              {
                "enable_resource_name_dns_a_record": false,
                "enable_resource_name_dns_aaaa_record": false,
                "hostname_type": "ip-name"
              }
            ],
            "private_ip": "172.31.0.201",
            "public_dns": "ec2-3-110-136-240.ap-south-1.compute.amazonaws.com",
            "public_ip": "3.110.136.240",
            "region": "ap-south-1",
            "root_block_device": [
              {
                "delete_on_termination": true,
                "device_name": "/dev/sda1",
                "encrypted": false,
                "iops": 3000,
                "kms_key_id": "",
                "tags": {},
                "tags_all": {},
                "throughput": 125,
                "volume_id": "vol-0469f89d360a12056",
                "volume_size": 8,
                "volume_type": "gp3"
              }
            ],
            "secondary_private_ips": [],
            "security_groups": [
              "default"
            ],
            "source_dest_check": true,
            "spot_instance_request_id": "",
            "subnet_id": "subnet-05ee94834457b58cd",
            "tags": {
              "Name": "abhishek-instance"
            },
            "tags_all": {
              "Name": "abhishek-instance"
            },
            "tenancy": "default",
            "timeouts": null,
            "user_data": null,
            "user_data_base64": "IyEvYmluL2Jhc2gKc3VkbyBhcHQtZ2V0IHVwZGF0ZSAteQpzdWRvIGFwdC1nZXQgaW5zdGFsbCAteSBuZ2lueApzdWRvIHN5c3RlbWN0bCBlbmFibGUgbmdpbngKc3VkbyBzeXN0ZW1jdGwgc3RhcnQgbmdpbngKCiMgcmVtb3ZlIGRlZmF1bHQgbmdpbnggaW5kZXgKc3VkbyBybSAtcmYgL3Zhci93d3cvaHRtbC9pbmRleC5uZ2lueC1kZWJpYW4uaHRtbApzdWRvIHJtIC1yZiAvdmFyL3d3dy9odG1sL2luZGV4Lmh0bWwKCiMgY29weSB5b3VyIGxvY2FsIGluZGV4Lmh0bWwgaW50byBzZXJ2ZXIKIyAobXVzdCBlbWJlZCB2aWEgdGVycmFmb3JtIGJlZm9yZSBydW5uaW5nIE9SIHNjcCBhZnRlciBjcmVhdGlvbikKY2F0IDw8J0VPVCcgPiAvdmFyL3d3dy9odG1sL2luZGV4Lmh0bWwKPCFET0NUWVBFIGh0bWw+CjxodG1sIGxhbmc9ImVuIj4KPGhlYWQ+CiAgPG1ldGEgY2hhcnNldD0iVVRGLTgiPgogIDxtZXRhIG5hbWU9InZpZXdwb3J0IiBjb250ZW50PSJ3aWR0aD1kZXZpY2Utd2lkdGgsIGluaXRpYWwtc2NhbGU9MS4wIj4KICA8dGl0bGU+QWJoaXNoZWsgU2luZ2ggLSBQcm9maWxlPC90aXRsZT4KICA8c3R5bGU+CiAgICBib2R5IHsgZm9udC1mYW1pbHk6IEFyaWFsLCBzYW5zLXNlcmlmOyBtYXJnaW46IDA7IGJhY2tncm91bmQ6ICNmNGY0Zjk7IH0KICAgIGhlYWRlciB7IGJhY2tncm91bmQ6ICM0Q0FGNTA7IGNvbG9yOiAjZmZmOyBwYWRkaW5nOiAyMHB4OyB0ZXh0LWFsaWduOiBjZW50ZXI7IH0KICAgIG5hdiBhIHsgbWFyZ2luOiAwIDEwcHg7IGNvbG9yOiB3aGl0ZTsgdGV4dC1kZWNvcmF0aW9uOiBub25lOyB9CiAgICBzZWN0aW9uIHsgcGFkZGluZzogMzBweDsgbWF4LXdpZHRoOiA4MDBweDsgbWFyZ2luOiBhdXRvOyB9CiAgICAuY2FyZCB7IGJhY2tncm91bmQ6ICNmZmY7IHBhZGRpbmc6IDIwcHg7IGJvcmRlci1yYWRpdXM6IDEwcHg7IGJveC1zaGFkb3c6IDAgM3B4IDZweCByZ2JhKDAsMCwwLC4xKTsgbWFyZ2luLWJvdHRvbTogMjBweDsgfQogICAgZm9vdGVyIHsgdGV4dC1hbGlnbjogY2VudGVyOyBwYWRkaW5nOiAxNXB4OyBiYWNrZ3JvdW5kOiAjMzMzOyBjb2xvcjogI2ZmZjsgfQogIDwvc3R5bGU+CjwvaGVhZD4KPGJvZHk+CiAgPGhlYWRlcj4KICAgIDxoMT5BYmhpc2hlayBTaW5naDwvaDE+CiAgICA8cD5GdWxsIFN0YWNrIERldmVsb3BlciB8IERldk9wcyB8IENsb3VkIEVudGh1c2lhc3Q8L3A+CiAgICA8bmF2PgogICAgICA8YSBocmVmPSIjYWJvdXQiPkFib3V0PC9hPgogICAgICA8YSBocmVmPSIjcHJvamVjdHMiPlByb2plY3RzPC9hPgogICAgICA8YSBocmVmPSIjY29udGFjdCI+Q29udGFjdDwvYT4KICAgIDwvbmF2PgogIDwvaGVhZGVyPgoKICA8c2VjdGlvbiBpZD0iYWJvdXQiPgogICAgPGRpdiBjbGFzcz0iY2FyZCI+CiAgICAgIDxoMj5BYm91dCBNZTwvaDI+CiAgICAgIDxwPkhlbGxvISBJ4oCZbSBBYmhpc2hlaywgYSBwYXNzaW9uYXRlIGRldmVsb3BlciBza2lsbGVkIGluIEphdmEsIFNwcmluZyBCb290LCBBbmd1bGFyLCBhbmQgRGV2T3BzIHRvb2xzIGxpa2UgRG9ja2VyLCBKZW5raW5zLCBhbmQgVGVycmFmb3JtLiBJIGxvdmUgc29sdmluZyByZWFsLXdvcmxkIHByb2JsZW1zIHVzaW5nIHRlY2hub2xvZ3kuPC9wPgogICAgPC9kaXY+CiAgPC9zZWN0aW9uPgoKICA8c2VjdGlvbiBpZD0icHJvamVjdHMiPgogICAgPGRpdiBjbGFzcz0iY2FyZCI+CiAgICAgIDxoMj5Qcm9qZWN0czwvaDI+CiAgICAgIDx1bD4KICAgICAgICA8bGk+8J+agCBTdHVkZW50IE1hbmFnZW1lbnQgU3lzdGVtIChTcHJpbmcgQm9vdCArIEFuZ3VsYXIpPC9saT4KICAgICAgICA8bGk+4piB77iPIEFXUyBUZXJyYWZvcm0gQXV0b21hdGlvbiBmb3IgQUxCICYgQXV0b1NjYWxpbmc8L2xpPgogICAgICAgIDxsaT7wn5OxIEFuZHJvaWQgQXR0ZW5kYW5jZSBBcHAgd2l0aCBHUFMgJiBDYW1lcmE8L2xpPgogICAgICA8L3VsPgogICAgPC9kaXY+CiAgPC9zZWN0aW9uPgoKICA8c2VjdGlvbiBpZD0iY29udGFjdCI+CiAgICA8ZGl2IGNsYXNzPSJjYXJkIj4KICAgICAgPGgyPkNvbnRhY3Q8L2gyPgogICAgICA8cD5FbWFpbDogPGEgaHJlZj0ibWFpbHRvOmFiaGlzaGVrQGV4YW1wbGUuY29tIj5hYmhpc2hla0BleGFtcGxlLmNvbTwvYT48L3A+CiAgICAgIDxwPkdpdEh1YjogPGEgaHJlZj0iaHR0cHM6Ly9naXRodWIuY29tL2FrdGVjaHBvaW50IiB0YXJnZXQ9Il9ibGFuayI+Z2l0aHViLmNvbS9ha3RlY2hwb2ludDwvYT48L3A+CiAgICA8L2Rpdj4KICA8L3NlY3Rpb24+CgogIDxmb290ZXI+CiAgICA8cD4mY29weTsgMjAyNSBBYmhpc2hlayBTaW5naCB8IEFsbCBSaWdodHMgUmVzZXJ2ZWQ8L3A+CiAgPC9mb290ZXI+CjwvYm9keT4KPC9odG1sPgoKRU9UCgpzbGVlcCA1CnN1ZG8gc3lzdGVtY3RsIHJlbG9hZC1vci1yZXN0YXJ0IG5naW54Cg==",
            "user_data_replace_on_change": false,
            "volume_tags": null,
            "vpc_security_group_ids": [
              "sg-0c674b1f208e7aa58"
            ]
          },
          "sensitive_attributes": [],
          "identity_schema_version": 0,
          "private": "eyJlMmJmYjczMC1lY2FhLTExZTYtOGY4OC0zNDM2M2JjN2M0YzAiOnsiY3JlYXRlIjo2MDAwMDAwMDAwMDAsImRlbGV0ZSI6MTIwMDAwMDAwMDAwMCwicmVhZCI6OTAwMDAwMDAwMDAwLCJ1cGRhdGUiOjYwMDAwMDAwMDAwMH0sInNjaGVtYV92ZXJzaW9uIjoiMiJ9"
        }
      ]
    }
  ],
  "check_results": null
}
